
Microsoft Visual Studio Solution File, Format Version 10.00
# Visual C# Express 2008
Project("{FAE04EC0-301F-11D3-BF4B-00C04F79EFBC}") = "Control Inventario", "Control Inventario\Control Inventario.csproj", "{FEBB3597-9F3F-4916-A7CE-1C3C737B8612}"
EndProject
Global
	GlobalSection(SolutionConfigurationPlatforms) = preSolution
		Debug|Any CPU = Debug|Any CPU
		Release|Any CPU = Release|Any CPU
	EndGlobalSection
	GlobalSection(ProjectConfigurationPlatforms) = postSolution
		{FEBB3597-9F3F-4916-A7CE-1C3C737B8612}.Debug|Any CPU.ActiveCfg = Debug|Any CPU
		{FEBB3597-9F3F-4916-A7CE-1C3C737B8612}.Debug|Any CPU.Build.0 = Debug|Any CPU
		{FEBB3597-9F3F-4916-A7CE-1C3C737B8612}.Release|Any CPU.ActiveCfg = Release|Any CPU
		{FEBB3597-9F3F-4916-A7CE-1C3C737B8612}.Release|Any CPU.Build.0 = Release|Any CPU
	EndGlobalSection
	GlobalSection(SolutionProperties) = preSolution
		HideSolutionNode = FALSE
	EndGlobalSection
EndGlobal
